
Microsoft Visual Studio Solution File, Format Version 12.00
# Visual Studio Version 16
VisualStudioVersion = 16.0.29806.167
MinimumVisualStudioVersion = 10.0.40219.1
Project("{FAE04EC0-301F-11D3-BF4B-00C04F79EFBC}") = "kosar2004", "kosar2004\kosar2004.csproj", "{B9C17DFB-6958-45DF-A75D-F15F59F82B3D}"
EndProject
Global
	GlobalSection(SolutionConfigurationPlatforms) = preSolution
		Debug|Any CPU = Debug|Any CPU
		Release|Any CPU = Release|Any CPU
	EndGlobalSection
	GlobalSection(ProjectConfigurationPlatforms) = postSolution
		{B9C17DFB-6958-45DF-A75D-F15F59F82B3D}.Debug|Any CPU.ActiveCfg = Debug|Any CPU
		{B9C17DFB-6958-45DF-A75D-F15F59F82B3D}.Debug|Any CPU.Build.0 = Debug|Any CPU
		{B9C17DFB-6958-45DF-A75D-F15F59F82B3D}.Release|Any CPU.ActiveCfg = Release|Any CPU
		{B9C17DFB-6958-45DF-A75D-F15F59F82B3D}.Release|Any CPU.Build.0 = Release|Any CPU
	EndGlobalSection
	GlobalSection(SolutionProperties) = preSolution
		HideSolutionNode = FALSE
	EndGlobalSection
	GlobalSection(ExtensibilityGlobals) = postSolution
		SolutionGuid = {07B24965-74AB-40EC-9669-8EE143A32B82}
	EndGlobalSection
EndGlobal
